
Microsoft Visual Studio Solution File, Format Version 12.00
# Visual Studio Version 16
VisualStudioVersion = 16.0.29613.14
MinimumVisualStudioVersion = 10.0.40219.1
Project("{FAE04EC0-301F-11D3-BF4B-00C04F79EFBC}") = "VISTA", "Ingeneria Software\VISTA.csproj", "{2566C67E-0EF4-4CE7-A617-4AC688CBB0A2}"
EndProject
Project("{FAE04EC0-301F-11D3-BF4B-00C04F79EFBC}") = "CONTROLADOR", "CONTROLADOR\CONTROLADOR.csproj", "{BB7AC9DC-8099-4702-9747-524BE6157922}"
EndProject
Project("{FAE04EC0-301F-11D3-BF4B-00C04F79EFBC}") = "MODELO", "MODELO\MODELO.csproj", "{F983B6CB-7E3B-4C1B-A78D-6A090D2AE431}"
EndProject
Project("{9A19103F-16F7-4668-BE54-9A1E7A4F7556}") = "Pruebas", "Pruebas\Pruebas.csproj", "{3BDE1901-3316-4C05-B037-A9F9F46FE665}"
EndProject
Project("{FAE04EC0-301F-11D3-BF4B-00C04F79EFBC}") = "CONTROLADORTests", "CONTROLADORTests\CONTROLADORTests.csproj", "{0C81EE0F-16E2-4ABA-85FF-1BDACE5C2C55}"
EndProject
Project("{54435603-DBB4-11D2-8724-00A0C9A8B90C}") = "PAS-Setup", "PAS-Setup\PAS-Setup.vdproj", "{B219AD28-0419-485A-8567-4A225493F01F}"
EndProject
Global
	GlobalSection(SolutionConfigurationPlatforms) = preSolution
		Debug|Any CPU = Debug|Any CPU
		Release|Any CPU = Release|Any CPU
	EndGlobalSection
	GlobalSection(ProjectConfigurationPlatforms) = postSolution
		{2566C67E-0EF4-4CE7-A617-4AC688CBB0A2}.Debug|Any CPU.ActiveCfg = Debug|Any CPU
		{2566C67E-0EF4-4CE7-A617-4AC688CBB0A2}.Debug|Any CPU.Build.0 = Debug|Any CPU
		{2566C67E-0EF4-4CE7-A617-4AC688CBB0A2}.Release|Any CPU.ActiveCfg = Release|Any CPU
		{2566C67E-0EF4-4CE7-A617-4AC688CBB0A2}.Release|Any CPU.Build.0 = Release|Any CPU
		{BB7AC9DC-8099-4702-9747-524BE6157922}.Debug|Any CPU.ActiveCfg = Debug|Any CPU
		{BB7AC9DC-8099-4702-9747-524BE6157922}.Debug|Any CPU.Build.0 = Debug|Any CPU
		{BB7AC9DC-8099-4702-9747-524BE6157922}.Release|Any CPU.ActiveCfg = Release|Any CPU
		{BB7AC9DC-8099-4702-9747-524BE6157922}.Release|Any CPU.Build.0 = Release|Any CPU
		{F983B6CB-7E3B-4C1B-A78D-6A090D2AE431}.Debug|Any CPU.ActiveCfg = Debug|Any CPU
		{F983B6CB-7E3B-4C1B-A78D-6A090D2AE431}.Debug|Any CPU.Build.0 = Debug|Any CPU
		{F983B6CB-7E3B-4C1B-A78D-6A090D2AE431}.Release|Any CPU.ActiveCfg = Release|Any CPU
		{F983B6CB-7E3B-4C1B-A78D-6A090D2AE431}.Release|Any CPU.Build.0 = Release|Any CPU
		{3BDE1901-3316-4C05-B037-A9F9F46FE665}.Debug|Any CPU.ActiveCfg = Debug|Any CPU
		{3BDE1901-3316-4C05-B037-A9F9F46FE665}.Debug|Any CPU.Build.0 = Debug|Any CPU
		{3BDE1901-3316-4C05-B037-A9F9F46FE665}.Release|Any CPU.ActiveCfg = Release|Any CPU
		{3BDE1901-3316-4C05-B037-A9F9F46FE665}.Release|Any CPU.Build.0 = Release|Any CPU
		{0C81EE0F-16E2-4ABA-85FF-1BDACE5C2C55}.Debug|Any CPU.ActiveCfg = Debug|Any CPU
		{0C81EE0F-16E2-4ABA-85FF-1BDACE5C2C55}.Debug|Any CPU.Build.0 = Debug|Any CPU
		{0C81EE0F-16E2-4ABA-85FF-1BDACE5C2C55}.Release|Any CPU.ActiveCfg = Release|Any CPU
		{0C81EE0F-16E2-4ABA-85FF-1BDACE5C2C55}.Release|Any CPU.Build.0 = Release|Any CPU
		{B219AD28-0419-485A-8567-4A225493F01F}.Debug|Any CPU.ActiveCfg = Debug
		{B219AD28-0419-485A-8567-4A225493F01F}.Release|Any CPU.ActiveCfg = Release
	EndGlobalSection
	GlobalSection(SolutionProperties) = preSolution
		HideSolutionNode = FALSE
	EndGlobalSection
	GlobalSection(ExtensibilityGlobals) = postSolution
		SolutionGuid = {E4BE521F-A418-4DB1-BFB4-68DB78C9E373}
	EndGlobalSection
EndGlobal
